
Microsoft Visual Studio Solution File, Format Version 12.00
# Visual Studio 2017
Project("{FAE04EC0-301F-11D3-BF4B-00C04F79EFBC}") = "Projet_GreyMan", "Projet_GreyMan.csproj", "{2471EC44-1A45-BB05-A2CD-A2FEE0AC170D}"
EndProject
Global
	GlobalSection(SolutionConfigurationPlatforms) = preSolution
		Debug|Any CPU = Debug|Any CPU
		Release|Any CPU = Release|Any CPU
	EndGlobalSection
	GlobalSection(ProjectConfigurationPlatforms) = postSolution
		{2471EC44-1A45-BB05-A2CD-A2FEE0AC170D}.Debug|Any CPU.ActiveCfg = Debug|Any CPU
		{2471EC44-1A45-BB05-A2CD-A2FEE0AC170D}.Debug|Any CPU.Build.0 = Debug|Any CPU
		{2471EC44-1A45-BB05-A2CD-A2FEE0AC170D}.Release|Any CPU.ActiveCfg = Release|Any CPU
		{2471EC44-1A45-BB05-A2CD-A2FEE0AC170D}.Release|Any CPU.Build.0 = Release|Any CPU
	EndGlobalSection
	GlobalSection(SolutionProperties) = preSolution
		HideSolutionNode = FALSE
	EndGlobalSection
EndGlobal
